
Microsoft Visual Studio Solution File, Format Version 12.00
# Visual Studio 15
VisualStudioVersion = 15.0.28307.421
MinimumVisualStudioVersion = 10.0.40219.1
Project("{8BC9CEB8-8B4A-11D0-8D11-00A0C91BC942}") = "Project24", "Project24\Project24.vcxproj", "{40053891-D655-4053-9696-93A75A8971F6}"
EndProject
Global
	GlobalSection(SolutionConfigurationPlatforms) = preSolution
		Debug|x64 = Debug|x64
		Debug|x86 = Debug|x86
		Release|x64 = Release|x64
		Release|x86 = Release|x86
	EndGlobalSection
	GlobalSection(ProjectConfigurationPlatforms) = postSolution
		{40053891-D655-4053-9696-93A75A8971F6}.Debug|x64.ActiveCfg = Debug|x64
		{40053891-D655-4053-9696-93A75A8971F6}.Debug|x64.Build.0 = Debug|x64
		{40053891-D655-4053-9696-93A75A8971F6}.Debug|x86.ActiveCfg = Debug|Win32
		{40053891-D655-4053-9696-93A75A8971F6}.Debug|x86.Build.0 = Debug|Win32
		{40053891-D655-4053-9696-93A75A8971F6}.Release|x64.ActiveCfg = Release|x64
		{40053891-D655-4053-9696-93A75A8971F6}.Release|x64.Build.0 = Release|x64
		{40053891-D655-4053-9696-93A75A8971F6}.Release|x86.ActiveCfg = Release|Win32
		{40053891-D655-4053-9696-93A75A8971F6}.Release|x86.Build.0 = Release|Win32
	EndGlobalSection
	GlobalSection(SolutionProperties) = preSolution
		HideSolutionNode = FALSE
	EndGlobalSection
	GlobalSection(ExtensibilityGlobals) = postSolution
		SolutionGuid = {9F71C1F0-CA23-4A2D-B1D4-4909F2ED454F}
	EndGlobalSection
EndGlobal
